
Microsoft Visual Studio Solution File, Format Version 12.00
# Visual Studio Version 17
VisualStudioVersion = 17.0.31903.59
MinimumVisualStudioVersion = 10.0.40219.1
Project("{FAE04EC0-301F-11D3-BF4B-00C04F79EFBC}") = "StudentOption", "StudentOption\StudentOption.csproj", "{1589A0F1-3B54-462C-BD7D-B1DE5026419A}"
EndProject
Project("{FAE04EC0-301F-11D3-BF4B-00C04F79EFBC}") = "StudentOption.Data", "StudentOption.Data\StudentOption.Data.csproj", "{1A4231B0-C9F0-40AB-880D-9F400BC148BB}"
EndProject
Project("{FAE04EC0-301F-11D3-BF4B-00C04F79EFBC}") = "StudentOption.Classes", "StudentOption.Classes\StudentOption.Classes.csproj", "{FDE4D4F9-B698-47DD-B504-1F42EE4BA8AA}"
EndProject
Project("{FAE04EC0-301F-11D3-BF4B-00C04F79EFBC}") = "StudentOption.Application", "StudentOption.Application\StudentOption.Application.csproj", "{661A1E82-95A7-438F-9DBC-DD933E77EB9D}"
EndProject
Global
	GlobalSection(SolutionConfigurationPlatforms) = preSolution
		Debug|Any CPU = Debug|Any CPU
		Release|Any CPU = Release|Any CPU
	EndGlobalSection
	GlobalSection(ProjectConfigurationPlatforms) = postSolution
		{1589A0F1-3B54-462C-BD7D-B1DE5026419A}.Debug|Any CPU.ActiveCfg = Debug|Any CPU
		{1589A0F1-3B54-462C-BD7D-B1DE5026419A}.Debug|Any CPU.Build.0 = Debug|Any CPU
		{1589A0F1-3B54-462C-BD7D-B1DE5026419A}.Release|Any CPU.ActiveCfg = Release|Any CPU
		{1589A0F1-3B54-462C-BD7D-B1DE5026419A}.Release|Any CPU.Build.0 = Release|Any CPU
		{1A4231B0-C9F0-40AB-880D-9F400BC148BB}.Debug|Any CPU.ActiveCfg = Debug|Any CPU
		{1A4231B0-C9F0-40AB-880D-9F400BC148BB}.Debug|Any CPU.Build.0 = Debug|Any CPU
		{1A4231B0-C9F0-40AB-880D-9F400BC148BB}.Release|Any CPU.ActiveCfg = Release|Any CPU
		{1A4231B0-C9F0-40AB-880D-9F400BC148BB}.Release|Any CPU.Build.0 = Release|Any CPU
		{FDE4D4F9-B698-47DD-B504-1F42EE4BA8AA}.Debug|Any CPU.ActiveCfg = Debug|Any CPU
		{FDE4D4F9-B698-47DD-B504-1F42EE4BA8AA}.Debug|Any CPU.Build.0 = Debug|Any CPU
		{FDE4D4F9-B698-47DD-B504-1F42EE4BA8AA}.Release|Any CPU.ActiveCfg = Release|Any CPU
		{FDE4D4F9-B698-47DD-B504-1F42EE4BA8AA}.Release|Any CPU.Build.0 = Release|Any CPU
		{661A1E82-95A7-438F-9DBC-DD933E77EB9D}.Debug|Any CPU.ActiveCfg = Debug|Any CPU
		{661A1E82-95A7-438F-9DBC-DD933E77EB9D}.Debug|Any CPU.Build.0 = Debug|Any CPU
		{661A1E82-95A7-438F-9DBC-DD933E77EB9D}.Release|Any CPU.ActiveCfg = Release|Any CPU
		{661A1E82-95A7-438F-9DBC-DD933E77EB9D}.Release|Any CPU.Build.0 = Release|Any CPU
	EndGlobalSection
	GlobalSection(SolutionProperties) = preSolution
		HideSolutionNode = FALSE
	EndGlobalSection
EndGlobal
